
Microsoft Visual Studio Solution File, Format Version 12.00
# Visual Studio Version 17
VisualStudioVersion = 17.5.002.0
MinimumVisualStudioVersion = 10.0.40219.1
Project("{9A19103F-16F7-4668-BE54-9A1E7A4F7556}") = "VendedorAPI", "VendedorAPI.csproj", "{473F2636-A8AD-4985-BDCC-776933EF6B56}"
EndProject
Global
	GlobalSection(SolutionConfigurationPlatforms) = preSolution
		Debug|Any CPU = Debug|Any CPU
		Release|Any CPU = Release|Any CPU
	EndGlobalSection
	GlobalSection(ProjectConfigurationPlatforms) = postSolution
		{473F2636-A8AD-4985-BDCC-776933EF6B56}.Debug|Any CPU.ActiveCfg = Debug|Any CPU
		{473F2636-A8AD-4985-BDCC-776933EF6B56}.Debug|Any CPU.Build.0 = Debug|Any CPU
		{473F2636-A8AD-4985-BDCC-776933EF6B56}.Release|Any CPU.ActiveCfg = Release|Any CPU
		{473F2636-A8AD-4985-BDCC-776933EF6B56}.Release|Any CPU.Build.0 = Release|Any CPU
	EndGlobalSection
	GlobalSection(SolutionProperties) = preSolution
		HideSolutionNode = FALSE
	EndGlobalSection
	GlobalSection(ExtensibilityGlobals) = postSolution
		SolutionGuid = {BE171F27-C5DA-4FBD-B79F-AD590E8A922C}
	EndGlobalSection
EndGlobal
